
Microsoft Visual Studio Solution File, Format Version 12.00
# Visual Studio Version 17
VisualStudioVersion = 17.5.002.0
MinimumVisualStudioVersion = 10.0.40219.1
Project("{9A19103F-16F7-4668-BE54-9A1E7A4F7556}") = "CakeBuild", "CakeBuild\CakeBuild.csproj", "{4FFADB26-3F7A-4AD9-A0A2-CEC8383D2383}"
EndProject
Project("{9A19103F-16F7-4668-BE54-9A1E7A4F7556}") = "nativeInterop", "nativeInterop\nativeInterop.csproj", "{460B7EFF-93E5-4660-B5AB-1B3A8891A060}"
EndProject
Global
	GlobalSection(SolutionConfigurationPlatforms) = preSolution
		Debug|Any CPU = Debug|Any CPU
		Release|Any CPU = Release|Any CPU
	EndGlobalSection
	GlobalSection(ProjectConfigurationPlatforms) = postSolution
		{4FFADB26-3F7A-4AD9-A0A2-CEC8383D2383}.Debug|Any CPU.ActiveCfg = Debug|Any CPU
		{4FFADB26-3F7A-4AD9-A0A2-CEC8383D2383}.Debug|Any CPU.Build.0 = Debug|Any CPU
		{4FFADB26-3F7A-4AD9-A0A2-CEC8383D2383}.Release|Any CPU.ActiveCfg = Release|Any CPU
		{4FFADB26-3F7A-4AD9-A0A2-CEC8383D2383}.Release|Any CPU.Build.0 = Release|Any CPU
		{460B7EFF-93E5-4660-B5AB-1B3A8891A060}.Debug|Any CPU.ActiveCfg = Debug|Any CPU
		{460B7EFF-93E5-4660-B5AB-1B3A8891A060}.Debug|Any CPU.Build.0 = Debug|Any CPU
		{460B7EFF-93E5-4660-B5AB-1B3A8891A060}.Release|Any CPU.ActiveCfg = Release|Any CPU
		{460B7EFF-93E5-4660-B5AB-1B3A8891A060}.Release|Any CPU.Build.0 = Release|Any CPU
	EndGlobalSection
	GlobalSection(SolutionProperties) = preSolution
		HideSolutionNode = FALSE
	EndGlobalSection
	GlobalSection(ExtensibilityGlobals) = postSolution
		SolutionGuid = {EF3B1815-B6E8-4DD1-94E4-45D4B77B35F4}
	EndGlobalSection
EndGlobal
